Microsoft Visual Studio Solution File, Format Version 12.00
# Visual Studio Version 17
VisualStudioVersion = 17.5.2.0
MinimumVisualStudioVersion = 10.0.40219.1
Project("{FAE04EC0-301F-11D3-BF4B-00C04F79EFBC}") = "selfStudyDay1", "selfStudyDay1.csproj", "{369D47AF-145C-47F2-82D5-88113149B330}"
EndProject
Global
	GlobalSection(SolutionConfigurationPlatforms) = preSolution
		Debug|Any CPU = Debug|Any CPU
		Release|Any CPU = Release|Any CPU
	EndGlobalSection
	GlobalSection(ProjectConfigurationPlatforms) = postSolution
		{369D47AF-145C-47F2-82D5-88113149B330}.Debug|Any CPU.ActiveCfg = Debug|Any CPU
		{369D47AF-145C-47F2-82D5-88113149B330}.Debug|Any CPU.Build.0 = Debug|Any CPU
		{369D47AF-145C-47F2-82D5-88113149B330}.Release|Any CPU.ActiveCfg = Release|Any CPU
		{369D47AF-145C-47F2-82D5-88113149B330}.Release|Any CPU.Build.0 = Release|Any CPU
	EndGlobalSection
	GlobalSection(SolutionProperties) = preSolution
		HideSolutionNode = FALSE
	EndGlobalSection
	GlobalSection(ExtensibilityGlobals) = postSolution
		SolutionGuid = {646E0B54-3036-4734-AE72-EC86B99A29A0}
	EndGlobalSection
EndGlobal
